
Microsoft Visual Studio Solution File, Format Version 9.00
# Visual Studio 2005
Project("{FAE04EC0-301F-11D3-BF4B-00C04F79EFBC}") = "EITSerial", "EITSerial\EITSerial.csproj", "{E69F795B-01A6-4000-916F-BF4709F151D1}"
EndProject
Project("{FAE04EC0-301F-11D3-BF4B-00C04F79EFBC}") = "SerialTest", "SerialTest\SerialTest.csproj", "{C557BA29-0708-46CD-A0DD-A33893EE8B4F}"
EndProject
Project("{FAE04EC0-301F-11D3-BF4B-00C04F79EFBC}") = "EITMain", "EITMain\EITMain.csproj", "{6FAC732D-7977-401F-B9F2-929BCF91B784}"
	ProjectSection(ProjectDependencies) = postProject
		{A26E1142-4D24-4C08-A1FB-793B736D1B81} = {A26E1142-4D24-4C08-A1FB-793B736D1B81}
		{9D7E4551-9AE0-40B6-A843-FC959AEE3F60} = {9D7E4551-9AE0-40B6-A843-FC959AEE3F60}
		{E69F795B-01A6-4000-916F-BF4709F151D1} = {E69F795B-01A6-4000-916F-BF4709F151D1}
	EndProjectSection
EndProject
Project("{FAE04EC0-301F-11D3-BF4B-00C04F79EFBC}") = "EITCommandInterface", "EITCommandInterface\EITCommandInterface.csproj", "{EB743DB1-F008-4EF5-9E78-0CF17B62383C}"
EndProject
Project("{FAE04EC0-301F-11D3-BF4B-00C04F79EFBC}") = "EITSimple", "EITSimple\EITSimple.csproj", "{645ABAB3-E9F2-4DF1-9AA2-3E622F40DDE4}"
EndProject
Project("{FAE04EC0-301F-11D3-BF4B-00C04F79EFBC}") = "EITParser", "EITParser\EITParser.csproj", "{A26E1142-4D24-4C08-A1FB-793B736D1B81}"
EndProject
Project("{FAE04EC0-301F-11D3-BF4B-00C04F79EFBC}") = "EngMATLib", "EngMATLib\EngMATLib.csproj", "{9D7E4551-9AE0-40B6-A843-FC959AEE3F60}"
EndProject
Global
	GlobalSection(SolutionConfigurationPlatforms) = preSolution
		Debug|Any CPU = Debug|Any CPU
		Debug|x86 = Debug|x86
		Release|Any CPU = Release|Any CPU
		Release|x86 = Release|x86
	EndGlobalSection
	GlobalSection(ProjectConfigurationPlatforms) = postSolution
		{E69F795B-01A6-4000-916F-BF4709F151D1}.Debug|Any CPU.ActiveCfg = Debug|Any CPU
		{E69F795B-01A6-4000-916F-BF4709F151D1}.Debug|Any CPU.Build.0 = Debug|Any CPU
		{E69F795B-01A6-4000-916F-BF4709F151D1}.Debug|x86.ActiveCfg = Debug|Any CPU
		{E69F795B-01A6-4000-916F-BF4709F151D1}.Debug|x86.Build.0 = Debug|Any CPU
		{E69F795B-01A6-4000-916F-BF4709F151D1}.Release|Any CPU.ActiveCfg = Release|Any CPU
		{E69F795B-01A6-4000-916F-BF4709F151D1}.Release|Any CPU.Build.0 = Release|Any CPU
		{E69F795B-01A6-4000-916F-BF4709F151D1}.Release|x86.ActiveCfg = Release|Any CPU
		{E69F795B-01A6-4000-916F-BF4709F151D1}.Release|x86.Build.0 = Release|Any CPU
		{C557BA29-0708-46CD-A0DD-A33893EE8B4F}.Debug|Any CPU.ActiveCfg = Debug|Any CPU
		{C557BA29-0708-46CD-A0DD-A33893EE8B4F}.Debug|Any CPU.Build.0 = Debug|Any CPU
		{C557BA29-0708-46CD-A0DD-A33893EE8B4F}.Debug|x86.ActiveCfg = Debug|Any CPU
		{C557BA29-0708-46CD-A0DD-A33893EE8B4F}.Debug|x86.Build.0 = Debug|Any CPU
		{C557BA29-0708-46CD-A0DD-A33893EE8B4F}.Release|Any CPU.ActiveCfg = Release|Any CPU
		{C557BA29-0708-46CD-A0DD-A33893EE8B4F}.Release|Any CPU.Build.0 = Release|Any CPU
		{C557BA29-0708-46CD-A0DD-A33893EE8B4F}.Release|x86.ActiveCfg = Release|Any CPU
		{C557BA29-0708-46CD-A0DD-A33893EE8B4F}.Release|x86.Build.0 = Release|Any CPU
		{6FAC732D-7977-401F-B9F2-929BCF91B784}.Debug|Any CPU.ActiveCfg = Debug|Any CPU
		{6FAC732D-7977-401F-B9F2-929BCF91B784}.Debug|Any CPU.Build.0 = Debug|Any CPU
		{6FAC732D-7977-401F-B9F2-929BCF91B784}.Debug|x86.ActiveCfg = Debug|Any CPU
		{6FAC732D-7977-401F-B9F2-929BCF91B784}.Debug|x86.Build.0 = Debug|Any CPU
		{6FAC732D-7977-401F-B9F2-929BCF91B784}.Release|Any CPU.ActiveCfg = Release|Any CPU
		{6FAC732D-7977-401F-B9F2-929BCF91B784}.Release|Any CPU.Build.0 = Release|Any CPU
		{6FAC732D-7977-401F-B9F2-929BCF91B784}.Release|x86.ActiveCfg = Release|Any CPU
		{6FAC732D-7977-401F-B9F2-929BCF91B784}.Release|x86.Build.0 = Release|Any CPU
		{EB743DB1-F008-4EF5-9E78-0CF17B62383C}.Debug|Any CPU.ActiveCfg = Debug|Any CPU
		{EB743DB1-F008-4EF5-9E78-0CF17B62383C}.Debug|Any CPU.Build.0 = Debug|Any CPU
		{EB743DB1-F008-4EF5-9E78-0CF17B62383C}.Debug|x86.ActiveCfg = Debug|Any CPU
		{EB743DB1-F008-4EF5-9E78-0CF17B62383C}.Debug|x86.Build.0 = Debug|Any CPU
		{EB743DB1-F008-4EF5-9E78-0CF17B62383C}.Release|Any CPU.ActiveCfg = Release|Any CPU
		{EB743DB1-F008-4EF5-9E78-0CF17B62383C}.Release|Any CPU.Build.0 = Release|Any CPU
		{EB743DB1-F008-4EF5-9E78-0CF17B62383C}.Release|x86.ActiveCfg = Release|Any CPU
		{EB743DB1-F008-4EF5-9E78-0CF17B62383C}.Release|x86.Build.0 = Release|Any CPU
		{645ABAB3-E9F2-4DF1-9AA2-3E622F40DDE4}.Debug|Any CPU.ActiveCfg = Debug|Any CPU
		{645ABAB3-E9F2-4DF1-9AA2-3E622F40DDE4}.Debug|Any CPU.Build.0 = Debug|Any CPU
		{645ABAB3-E9F2-4DF1-9AA2-3E622F40DDE4}.Debug|x86.ActiveCfg = Debug|Any CPU
		{645ABAB3-E9F2-4DF1-9AA2-3E622F40DDE4}.Debug|x86.Build.0 = Debug|Any CPU
		{645ABAB3-E9F2-4DF1-9AA2-3E622F40DDE4}.Release|Any CPU.ActiveCfg = Release|Any CPU
		{645ABAB3-E9F2-4DF1-9AA2-3E622F40DDE4}.Release|Any CPU.Build.0 = Release|Any CPU
		{645ABAB3-E9F2-4DF1-9AA2-3E622F40DDE4}.Release|x86.ActiveCfg = Release|Any CPU
		{645ABAB3-E9F2-4DF1-9AA2-3E622F40DDE4}.Release|x86.Build.0 = Release|Any CPU
		{A26E1142-4D24-4C08-A1FB-793B736D1B81}.Debug|Any CPU.ActiveCfg = Debug|Any CPU
		{A26E1142-4D24-4C08-A1FB-793B736D1B81}.Debug|Any CPU.Build.0 = Debug|Any CPU
		{A26E1142-4D24-4C08-A1FB-793B736D1B81}.Debug|x86.ActiveCfg = Debug|Any CPU
		{A26E1142-4D24-4C08-A1FB-793B736D1B81}.Debug|x86.Build.0 = Debug|Any CPU
		{A26E1142-4D24-4C08-A1FB-793B736D1B81}.Release|Any CPU.ActiveCfg = Release|Any CPU
		{A26E1142-4D24-4C08-A1FB-793B736D1B81}.Release|Any CPU.Build.0 = Release|Any CPU
		{A26E1142-4D24-4C08-A1FB-793B736D1B81}.Release|x86.ActiveCfg = Release|Any CPU
		{A26E1142-4D24-4C08-A1FB-793B736D1B81}.Release|x86.Build.0 = Release|Any CPU
		{9D7E4551-9AE0-40B6-A843-FC959AEE3F60}.Debug|Any CPU.ActiveCfg = Debug|Any CPU
		{9D7E4551-9AE0-40B6-A843-FC959AEE3F60}.Debug|Any CPU.Build.0 = Debug|Any CPU
		{9D7E4551-9AE0-40B6-A843-FC959AEE3F60}.Debug|x86.ActiveCfg = Debug|x86
		{9D7E4551-9AE0-40B6-A843-FC959AEE3F60}.Debug|x86.Build.0 = Debug|x86
		{9D7E4551-9AE0-40B6-A843-FC959AEE3F60}.Release|Any CPU.ActiveCfg = Release|Any CPU
		{9D7E4551-9AE0-40B6-A843-FC959AEE3F60}.Release|Any CPU.Build.0 = Release|Any CPU
		{9D7E4551-9AE0-40B6-A843-FC959AEE3F60}.Release|x86.ActiveCfg = Release|x86
		{9D7E4551-9AE0-40B6-A843-FC959AEE3F60}.Release|x86.Build.0 = Release|x86
	EndGlobalSection
	GlobalSection(SolutionProperties) = preSolution
		HideSolutionNode = FALSE
	EndGlobalSection
EndGlobal
